
Microsoft Visual Studio Solution File, Format Version 12.00
# Visual Studio 15
VisualStudioVersion = 15.0.27130.2010
MinimumVisualStudioVersion = 10.0.40219.1
Project("{FAE04EC0-301F-11D3-BF4B-00C04F79EFBC}") = "CoinArbiter", "CoinArbiter\CoinArbiter.csproj", "{083B7B1E-5CD8-4D68-9B36-7D5CF8004F7A}"
EndProject
Global
	GlobalSection(SolutionConfigurationPlatforms) = preSolution
		Debug|Any CPU = Debug|Any CPU
		Release|Any CPU = Release|Any CPU
	EndGlobalSection
	GlobalSection(ProjectConfigurationPlatforms) = postSolution
		{083B7B1E-5CD8-4D68-9B36-7D5CF8004F7A}.Debug|Any CPU.ActiveCfg = Debug|Any CPU
		{083B7B1E-5CD8-4D68-9B36-7D5CF8004F7A}.Debug|Any CPU.Build.0 = Debug|Any CPU
		{083B7B1E-5CD8-4D68-9B36-7D5CF8004F7A}.Release|Any CPU.ActiveCfg = Release|Any CPU
		{083B7B1E-5CD8-4D68-9B36-7D5CF8004F7A}.Release|Any CPU.Build.0 = Release|Any CPU
	EndGlobalSection
	GlobalSection(SolutionProperties) = preSolution
		HideSolutionNode = FALSE
	EndGlobalSection
	GlobalSection(ExtensibilityGlobals) = postSolution
		SolutionGuid = {28829B3B-2BDE-44CF-BA1C-141563FACA3E}
	EndGlobalSection
EndGlobal
